
Microsoft Visual Studio Solution File, Format Version 12.00
# Visual Studio Version 16
VisualStudioVersion = 16.0.30611.23
MinimumVisualStudioVersion = 10.0.40219.1
Project("{FAE04EC0-301F-11D3-BF4B-00C04F79EFBC}") = "WpfAppPM02", "WpfAppPM02\WpfAppPM02.csproj", "{0DB33D56-DB95-4D6A-8F80-F8F8E30D7B5D}"
EndProject
Global
	GlobalSection(SolutionConfigurationPlatforms) = preSolution
		Debug|Any CPU = Debug|Any CPU
		Release|Any CPU = Release|Any CPU
	EndGlobalSection
	GlobalSection(ProjectConfigurationPlatforms) = postSolution
		{0DB33D56-DB95-4D6A-8F80-F8F8E30D7B5D}.Debug|Any CPU.ActiveCfg = Debug|Any CPU
		{0DB33D56-DB95-4D6A-8F80-F8F8E30D7B5D}.Debug|Any CPU.Build.0 = Debug|Any CPU
		{0DB33D56-DB95-4D6A-8F80-F8F8E30D7B5D}.Release|Any CPU.ActiveCfg = Release|Any CPU
		{0DB33D56-DB95-4D6A-8F80-F8F8E30D7B5D}.Release|Any CPU.Build.0 = Release|Any CPU
	EndGlobalSection
	GlobalSection(SolutionProperties) = preSolution
		HideSolutionNode = FALSE
	EndGlobalSection
	GlobalSection(ExtensibilityGlobals) = postSolution
		SolutionGuid = {15169DB9-A1FF-415F-BC95-EB7A3A71DC4E}
	EndGlobalSection
EndGlobal
